
Microsoft Visual Studio Solution File, Format Version 12.00
# Visual Studio Version 17
VisualStudioVersion = 17.6.33829.357
MinimumVisualStudioVersion = 10.0.40219.1
Project("{FAE04EC0-301F-11D3-BF4B-00C04F79EFBC}") = "SampleWebMvc", "SampleWebMvc\SampleWebMvc.csproj", "{AFEDD2C1-3BC8-499E-8B41-C1F5570B252B}"
EndProject
Global
	GlobalSection(SolutionConfigurationPlatforms) = preSolution
		Debug|Any CPU = Debug|Any CPU
		Release|Any CPU = Release|Any CPU
	EndGlobalSection
	GlobalSection(ProjectConfigurationPlatforms) = postSolution
		{AFEDD2C1-3BC8-499E-8B41-C1F5570B252B}.Debug|Any CPU.ActiveCfg = Debug|Any CPU
		{AFEDD2C1-3BC8-499E-8B41-C1F5570B252B}.Debug|Any CPU.Build.0 = Debug|Any CPU
		{AFEDD2C1-3BC8-499E-8B41-C1F5570B252B}.Release|Any CPU.ActiveCfg = Release|Any CPU
		{AFEDD2C1-3BC8-499E-8B41-C1F5570B252B}.Release|Any CPU.Build.0 = Release|Any CPU
	EndGlobalSection
	GlobalSection(SolutionProperties) = preSolution
		HideSolutionNode = FALSE
	EndGlobalSection
	GlobalSection(ExtensibilityGlobals) = postSolution
		SolutionGuid = {C2688256-BE56-4FEB-824E-3158E02F58A9}
	EndGlobalSection
EndGlobal
